
Microsoft Visual Studio Solution File, Format Version 12.00
Project("{FAE04EC0-301F-11D3-BF4B-00C04F79EFBC}") = "Domain", "Domain\Domain.csproj", "{4BC05F10-32B9-41DF-A4F1-C5FAF59F6426}"
EndProject
Project("{FAE04EC0-301F-11D3-BF4B-00C04F79EFBC}") = "Infrastructure", "Infrastructure\Infrastructure.csproj", "{20FAD687-815D-49F3-BF5C-14B19C4FEEBE}"
EndProject
Project("{FAE04EC0-301F-11D3-BF4B-00C04F79EFBC}") = "Support", "Support\Support.csproj", "{82A5F989-1E1C-4D81-9E30-2774211566D0}"
EndProject
Project("{FAE04EC0-301F-11D3-BF4B-00C04F79EFBC}") = "Security", "Security\Security.csproj", "{DC2CBBAF-2D1B-404C-A1C1-4DB25BDF36D3}"
EndProject
Project("{FAE04EC0-301F-11D3-BF4B-00C04F79EFBC}") = "Interface", "Interface\Interface.csproj", "{6B647BE7-7E57-4887-B469-3CF5B04CC7A2}"
EndProject
Project("{FAE04EC0-301F-11D3-BF4B-00C04F79EFBC}") = "Application", "Application\Application.csproj", "{3A4B2B0B-CD72-4435-9180-D564276FCAFB}"
EndProject
Global
	GlobalSection(SolutionConfigurationPlatforms) = preSolution
		Debug|Any CPU = Debug|Any CPU
		Release|Any CPU = Release|Any CPU
	EndGlobalSection
	GlobalSection(ProjectConfigurationPlatforms) = postSolution
		{4BC05F10-32B9-41DF-A4F1-C5FAF59F6426}.Debug|Any CPU.ActiveCfg = Debug|Any CPU
		{4BC05F10-32B9-41DF-A4F1-C5FAF59F6426}.Debug|Any CPU.Build.0 = Debug|Any CPU
		{4BC05F10-32B9-41DF-A4F1-C5FAF59F6426}.Release|Any CPU.ActiveCfg = Release|Any CPU
		{4BC05F10-32B9-41DF-A4F1-C5FAF59F6426}.Release|Any CPU.Build.0 = Release|Any CPU
		{20FAD687-815D-49F3-BF5C-14B19C4FEEBE}.Debug|Any CPU.ActiveCfg = Debug|Any CPU
		{20FAD687-815D-49F3-BF5C-14B19C4FEEBE}.Debug|Any CPU.Build.0 = Debug|Any CPU
		{20FAD687-815D-49F3-BF5C-14B19C4FEEBE}.Release|Any CPU.ActiveCfg = Release|Any CPU
		{20FAD687-815D-49F3-BF5C-14B19C4FEEBE}.Release|Any CPU.Build.0 = Release|Any CPU
		{82A5F989-1E1C-4D81-9E30-2774211566D0}.Debug|Any CPU.ActiveCfg = Debug|Any CPU
		{82A5F989-1E1C-4D81-9E30-2774211566D0}.Debug|Any CPU.Build.0 = Debug|Any CPU
		{82A5F989-1E1C-4D81-9E30-2774211566D0}.Release|Any CPU.ActiveCfg = Release|Any CPU
		{82A5F989-1E1C-4D81-9E30-2774211566D0}.Release|Any CPU.Build.0 = Release|Any CPU
		{DC2CBBAF-2D1B-404C-A1C1-4DB25BDF36D3}.Debug|Any CPU.ActiveCfg = Debug|Any CPU
		{DC2CBBAF-2D1B-404C-A1C1-4DB25BDF36D3}.Debug|Any CPU.Build.0 = Debug|Any CPU
		{DC2CBBAF-2D1B-404C-A1C1-4DB25BDF36D3}.Release|Any CPU.ActiveCfg = Release|Any CPU
		{DC2CBBAF-2D1B-404C-A1C1-4DB25BDF36D3}.Release|Any CPU.Build.0 = Release|Any CPU
		{6B647BE7-7E57-4887-B469-3CF5B04CC7A2}.Debug|Any CPU.ActiveCfg = Debug|Any CPU
		{6B647BE7-7E57-4887-B469-3CF5B04CC7A2}.Debug|Any CPU.Build.0 = Debug|Any CPU
		{6B647BE7-7E57-4887-B469-3CF5B04CC7A2}.Release|Any CPU.ActiveCfg = Release|Any CPU
		{6B647BE7-7E57-4887-B469-3CF5B04CC7A2}.Release|Any CPU.Build.0 = Release|Any CPU
		{3A4B2B0B-CD72-4435-9180-D564276FCAFB}.Debug|Any CPU.ActiveCfg = Debug|Any CPU
		{3A4B2B0B-CD72-4435-9180-D564276FCAFB}.Debug|Any CPU.Build.0 = Debug|Any CPU
		{3A4B2B0B-CD72-4435-9180-D564276FCAFB}.Release|Any CPU.ActiveCfg = Release|Any CPU
		{3A4B2B0B-CD72-4435-9180-D564276FCAFB}.Release|Any CPU.Build.0 = Release|Any CPU
	EndGlobalSection
EndGlobal
